
Microsoft Visual Studio Solution File, Format Version 12.00
# Visual Studio Version 17
VisualStudioVersion = 17.4.33213.308
MinimumVisualStudioVersion = 10.0.40219.1
Project("{FAE04EC0-301F-11D3-BF4B-00C04F79EFBC}") = "ECommerce.Api.Products", "ECommerce.Api.Products\ECommerce.Api.Products.csproj", "{8D529EE2-BAB6-4A87-BA6B-13388A9711D3}"
EndProject
Project("{FAE04EC0-301F-11D3-BF4B-00C04F79EFBC}") = "ECommerce.Api.Customers", "ECommerce.Api.Customers\ECommerce.Api.Customers.csproj", "{547C8441-4438-4B17-8862-917333E300D5}"
EndProject
Project("{FAE04EC0-301F-11D3-BF4B-00C04F79EFBC}") = "ECommerce.Api.Orders", "ECommerce.Api.Orders\ECommerce.Api.Orders.csproj", "{F57C8FBE-1D29-4AB7-8A02-2AE3EE099663}"
EndProject
Project("{FAE04EC0-301F-11D3-BF4B-00C04F79EFBC}") = "ECommerce.Api.Search", "ECommerce.Api.Search\ECommerce.Api.Search.csproj", "{AAD71AE6-17C7-46CE-A191-5CCF2805FD93}"
EndProject
Global
	GlobalSection(SolutionConfigurationPlatforms) = preSolution
		Debug|Any CPU = Debug|Any CPU
		Release|Any CPU = Release|Any CPU
	EndGlobalSection
	GlobalSection(ProjectConfigurationPlatforms) = postSolution
		{8D529EE2-BAB6-4A87-BA6B-13388A9711D3}.Debug|Any CPU.ActiveCfg = Debug|Any CPU
		{8D529EE2-BAB6-4A87-BA6B-13388A9711D3}.Debug|Any CPU.Build.0 = Debug|Any CPU
		{8D529EE2-BAB6-4A87-BA6B-13388A9711D3}.Release|Any CPU.ActiveCfg = Release|Any CPU
		{8D529EE2-BAB6-4A87-BA6B-13388A9711D3}.Release|Any CPU.Build.0 = Release|Any CPU
		{547C8441-4438-4B17-8862-917333E300D5}.Debug|Any CPU.ActiveCfg = Debug|Any CPU
		{547C8441-4438-4B17-8862-917333E300D5}.Debug|Any CPU.Build.0 = Debug|Any CPU
		{547C8441-4438-4B17-8862-917333E300D5}.Release|Any CPU.ActiveCfg = Release|Any CPU
		{547C8441-4438-4B17-8862-917333E300D5}.Release|Any CPU.Build.0 = Release|Any CPU
		{F57C8FBE-1D29-4AB7-8A02-2AE3EE099663}.Debug|Any CPU.ActiveCfg = Debug|Any CPU
		{F57C8FBE-1D29-4AB7-8A02-2AE3EE099663}.Debug|Any CPU.Build.0 = Debug|Any CPU
		{F57C8FBE-1D29-4AB7-8A02-2AE3EE099663}.Release|Any CPU.ActiveCfg = Release|Any CPU
		{F57C8FBE-1D29-4AB7-8A02-2AE3EE099663}.Release|Any CPU.Build.0 = Release|Any CPU
		{AAD71AE6-17C7-46CE-A191-5CCF2805FD93}.Debug|Any CPU.ActiveCfg = Debug|Any CPU
		{AAD71AE6-17C7-46CE-A191-5CCF2805FD93}.Debug|Any CPU.Build.0 = Debug|Any CPU
		{AAD71AE6-17C7-46CE-A191-5CCF2805FD93}.Release|Any CPU.ActiveCfg = Release|Any CPU
		{AAD71AE6-17C7-46CE-A191-5CCF2805FD93}.Release|Any CPU.Build.0 = Release|Any CPU
	EndGlobalSection
	GlobalSection(SolutionProperties) = preSolution
		HideSolutionNode = FALSE
	EndGlobalSection
	GlobalSection(ExtensibilityGlobals) = postSolution
		SolutionGuid = {F03F129A-EBA5-426B-9556-F3D3DA548FEC}
	EndGlobalSection
EndGlobal
