
Microsoft Visual Studio Solution File, Format Version 12.00
# Visual Studio Version 17
VisualStudioVersion = 17.4.33213.308
MinimumVisualStudioVersion = 10.0.40219.1
Project("{9A19103F-16F7-4668-BE54-9A1E7A4F7556}") = "ECommerce.Api.Products", "ECommerce.Api.Products\ECommerce.Api.Products.csproj", "{8D529EE2-BAB6-4A87-BA6B-13388A9711D3}"
EndProject
Project("{9A19103F-16F7-4668-BE54-9A1E7A4F7556}") = "ECommerce.Api.Customers", "ECommerce.Api.Customers\ECommerce.Api.Customers.csproj", "{547C8441-4438-4B17-8862-917333E300D5}"
EndProject
Project("{9A19103F-16F7-4668-BE54-9A1E7A4F7556}") = "ECommerce.Api.Orders", "ECommerce.Api.Orders\ECommerce.Api.Orders.csproj", "{F57C8FBE-1D29-4AB7-8A02-2AE3EE099663}"
EndProject
Project("{9A19103F-16F7-4668-BE54-9A1E7A4F7556}") = "ECommerce.Api.Search", "ECommerce.Api.Search\ECommerce.Api.Search.csproj", "{AAD71AE6-17C7-46CE-A191-5CCF2805FD93}"
EndProject
Project("{9A19103F-16F7-4668-BE54-9A1E7A4F7556}") = "ECommerce.Api.Products.Test", "ECommerce.Api.Products.Test\ECommerce.Api.Products.Test.csproj", "{D9AB5269-A48E-4665-BD2C-060442795D7F}"
EndProject
Project("{E53339B2-1760-4266-BCC7-CA923CBCF16C}") = "docker-compose", "docker-compose.dcproj", "{9FF3284D-0A19-4866-A66B-D0EB989CE194}"
EndProject
Global
	GlobalSection(SolutionConfigurationPlatforms) = preSolution
		Debug|Any CPU = Debug|Any CPU
		Release|Any CPU = Release|Any CPU
	EndGlobalSection
	GlobalSection(ProjectConfigurationPlatforms) = postSolution
		{8D529EE2-BAB6-4A87-BA6B-13388A9711D3}.Debug|Any CPU.ActiveCfg = Debug|Any CPU
		{8D529EE2-BAB6-4A87-BA6B-13388A9711D3}.Debug|Any CPU.Build.0 = Debug|Any CPU
		{8D529EE2-BAB6-4A87-BA6B-13388A9711D3}.Release|Any CPU.ActiveCfg = Release|Any CPU
		{8D529EE2-BAB6-4A87-BA6B-13388A9711D3}.Release|Any CPU.Build.0 = Release|Any CPU
		{547C8441-4438-4B17-8862-917333E300D5}.Debug|Any CPU.ActiveCfg = Debug|Any CPU
		{547C8441-4438-4B17-8862-917333E300D5}.Debug|Any CPU.Build.0 = Debug|Any CPU
		{547C8441-4438-4B17-8862-917333E300D5}.Release|Any CPU.ActiveCfg = Release|Any CPU
		{547C8441-4438-4B17-8862-917333E300D5}.Release|Any CPU.Build.0 = Release|Any CPU
		{F57C8FBE-1D29-4AB7-8A02-2AE3EE099663}.Debug|Any CPU.ActiveCfg = Debug|Any CPU
		{F57C8FBE-1D29-4AB7-8A02-2AE3EE099663}.Debug|Any CPU.Build.0 = Debug|Any CPU
		{F57C8FBE-1D29-4AB7-8A02-2AE3EE099663}.Release|Any CPU.ActiveCfg = Release|Any CPU
		{F57C8FBE-1D29-4AB7-8A02-2AE3EE099663}.Release|Any CPU.Build.0 = Release|Any CPU
		{AAD71AE6-17C7-46CE-A191-5CCF2805FD93}.Debug|Any CPU.ActiveCfg = Debug|Any CPU
		{AAD71AE6-17C7-46CE-A191-5CCF2805FD93}.Debug|Any CPU.Build.0 = Debug|Any CPU
		{AAD71AE6-17C7-46CE-A191-5CCF2805FD93}.Release|Any CPU.ActiveCfg = Release|Any CPU
		{AAD71AE6-17C7-46CE-A191-5CCF2805FD93}.Release|Any CPU.Build.0 = Release|Any CPU
		{D9AB5269-A48E-4665-BD2C-060442795D7F}.Debug|Any CPU.ActiveCfg = Debug|Any CPU
		{D9AB5269-A48E-4665-BD2C-060442795D7F}.Debug|Any CPU.Build.0 = Debug|Any CPU
		{D9AB5269-A48E-4665-BD2C-060442795D7F}.Release|Any CPU.ActiveCfg = Release|Any CPU
		{D9AB5269-A48E-4665-BD2C-060442795D7F}.Release|Any CPU.Build.0 = Release|Any CPU
		{9FF3284D-0A19-4866-A66B-D0EB989CE194}.Debug|Any CPU.ActiveCfg = Debug|Any CPU
		{9FF3284D-0A19-4866-A66B-D0EB989CE194}.Debug|Any CPU.Build.0 = Debug|Any CPU
		{9FF3284D-0A19-4866-A66B-D0EB989CE194}.Release|Any CPU.ActiveCfg = Release|Any CPU
		{9FF3284D-0A19-4866-A66B-D0EB989CE194}.Release|Any CPU.Build.0 = Release|Any CPU
	EndGlobalSection
	GlobalSection(SolutionProperties) = preSolution
		HideSolutionNode = FALSE
	EndGlobalSection
	GlobalSection(ExtensibilityGlobals) = postSolution
		SolutionGuid = {F03F129A-EBA5-426B-9556-F3D3DA548FEC}
	EndGlobalSection
EndGlobal
